// !$*UTF8*$!
{
	archiveVersion = 1;
	classes = {
	};
	objectVersion = 56;
	objects = {

/* Begin PBXBuildFile section */
		A22D945529E25E4C00CFB516 /* Task_ManagementApp.swift in Sources */ = {isa = PBXBuildFile; fileRef = A22D945429E25E4C00CFB516 /* Task_ManagementApp.swift */; };
		A22D945729E25E4C00CFB516 /* ContentView.swift in Sources */ = {isa = PBXBuildFile; fileRef = A22D945629E25E4C00CFB516 /* ContentView.swift */; };
		A22D945929E25E4C00CFB516 /* Assets.xcassets in Resources */ = {isa = PBXBuildFile; fileRef = A22D945829E25E4C00CFB516 /* Assets.xcassets */; };
		A22D945D29E25E4C00CFB516 /* Preview Assets.xcassets in Resources */ = {isa = PBXBuildFile; fileRef = A22D945C29E25E4C00CFB516 /* Preview Assets.xcassets */; };
		A22D946929E25F4100CFB516 /* Task.swift in Sources */ = {isa = PBXBuildFile; fileRef = A22D946829E25F4100CFB516 /* Task.swift */; };
		A22D946C29E2601000CFB516 /* User.swift in Sources */ = {isa = PBXBuildFile; fileRef = A22D946B29E2601000CFB516 /* User.swift */; };
		A22D946E29E2615C00CFB516 /* MainTaskView.swift in Sources */ = {isa = PBXBuildFile; fileRef = A22D946D29E2615C00CFB516 /* MainTaskView.swift */; };
		A22D947029E261A800CFB516 /* NewTaskView.swift in Sources */ = {isa = PBXBuildFile; fileRef = A22D946F29E261A800CFB516 /* NewTaskView.swift */; };
		A22D947229E2625000CFB516 /* FocusModeView.swift in Sources */ = {isa = PBXBuildFile; fileRef = A22D947129E2625000CFB516 /* FocusModeView.swift */; };
		A22D947429E2625500CFB516 /* TimerView.swift in Sources */ = {isa = PBXBuildFile; fileRef = A22D947329E2625500CFB516 /* TimerView.swift */; };
		A22D947629E262F300CFB516 /* SettingsView.swift in Sources */ = {isa = PBXBuildFile; fileRef = A22D947529E262F300CFB516 /* SettingsView.swift */; };
/* End PBXBuildFile section */

/* Begin PBXFileReference section */
		A22D945129E25E4C00CFB516 /* Task-Management.app */ = {isa = PBXFileReference; explicitFileType = wrapper.application; includeInIndex = 0; path = "Task-Management.app"; sourceTree = BUILT_PRODUCTS_DIR; };
		A22D945429E25E4C00CFB516 /* Task_ManagementApp.swift */ = {isa = PBXFileReference; lastKnownFileType = sourcecode.swift; path = Task_ManagementApp.swift; sourceTree = "<group>"; };
		A22D945629E25E4C00CFB516 /* ContentView.swift */ = {isa = PBXFileReference; lastKnownFileType = sourcecode.swift; path = ContentView.swift; sourceTree = "<group>"; };
		A22D945829E25E4C00CFB516 /* Assets.xcassets */ = {isa = PBXFileReference; lastKnownFileType = folder.assetcatalog; path = Assets.xcassets; sourceTree = "<group>"; };
		A22D945A29E25E4C00CFB516 /* Task_Management.entitlements */ = {isa = PBXFileReference; lastKnownFileType = text.plist.entitlements; path = Task_Management.entitlements; sourceTree = "<group>"; };
		A22D945C29E25E4C00CFB516 /* Preview Assets.xcassets */ = {isa = PBXFileReference; lastKnownFileType = folder.assetcatalog; path = "Preview Assets.xcassets"; sourceTree = "<group>"; };
		A22D946829E25F4100CFB516 /* Task.swift */ = {isa = PBXFileReference; lastKnownFileType = sourcecode.swift; path = Task.swift; sourceTree = "<group>"; };
		A22D946B29E2601000CFB516 /* User.swift */ = {isa = PBXFileReference; lastKnownFileType = sourcecode.swift; path = User.swift; sourceTree = "<group>"; };
		A22D946D29E2615C00CFB516 /* MainTaskView.swift */ = {isa = PBXFileReference; lastKnownFileType = sourcecode.swift; path = MainTaskView.swift; sourceTree = "<group>"; };
		A22D946F29E261A800CFB516 /* NewTaskView.swift */ = {isa = PBXFileReference; lastKnownFileType = sourcecode.swift; path = NewTaskView.swift; sourceTree = "<group>"; };
		A22D947129E2625000CFB516 /* FocusModeView.swift */ = {isa = PBXFileReference; lastKnownFileType = sourcecode.swift; path = FocusModeView.swift; sourceTree = "<group>"; };
		A22D947329E2625500CFB516 /* TimerView.swift */ = {isa = PBXFileReference; lastKnownFileType = sourcecode.swift; path = TimerView.swift; sourceTree = "<group>"; };
		A22D947529E262F300CFB516 /* SettingsView.swift */ = {isa = PBXFileReference; lastKnownFileType = sourcecode.swift; path = SettingsView.swift; sourceTree = "<group>"; };
/* End PBXFileReference section */

/* Begin PBXFrameworksBuildPhase section */
		A22D944E29E25E4C00CFB516 /* Frameworks */ = {
			isa = PBXFrameworksBuildPhase;
			buildActionMask = 2147483647;
			files = (
			);
			runOnlyForDeploymentPostprocessing = 0;
		};
/* End PBXFrameworksBuildPhase section */

/* Begin PBXGroup section */
		A22D944829E25E4C00CFB516 = {
			isa = PBXGroup;
			children = (
				A22D945329E25E4C00CFB516 /* Task-Management */,
				A22D945229E25E4C00CFB516 /* Products */,
			);
			sourceTree = "<group>";
		};
		A22D945229E25E4C00CFB516 /* Products */ = {
			isa = PBXGroup;
			children = (
				A22D945129E25E4C00CFB516 /* Task-Management.app */,
			);
			name = Products;
			sourceTree = "<group>";
		};
		A22D945329E25E4C00CFB516 /* Task-Management */ = {
			isa = PBXGroup;
			children = (
				A22D945429E25E4C00CFB516 /* Task_ManagementApp.swift */,
				A22D945629E25E4C00CFB516 /* ContentView.swift */,
				A22D946729E25F2C00CFB516 /* Models */,
				A22D946329E25ED400CFB516 /* Views */,
				A22D945829E25E4C00CFB516 /* Assets.xcassets */,
				A22D945A29E25E4C00CFB516 /* Task_Management.entitlements */,
				A22D945B29E25E4C00CFB516 /* Preview Content */,
			);
			path = "Task-Management";
			sourceTree = "<group>";
		};
		A22D945B29E25E4C00CFB516 /* Preview Content */ = {
			isa = PBXGroup;
			children = (
				A22D945C29E25E4C00CFB516 /* Preview Assets.xcassets */,
			);
			path = "Preview Content";
			sourceTree = "<group>";
		};
		A22D946329E25ED400CFB516 /* Views */ = {
			isa = PBXGroup;
			children = (
				A22D946629E25F0900CFB516 /* Settings */,
				A22D946529E25F0000CFB516 /* Main Tasks */,
				A22D946429E25EDF00CFB516 /* FocusMode */,
			);
			path = Views;
			sourceTree = "<group>";
		};
		A22D946429E25EDF00CFB516 /* FocusMode */ = {
			isa = PBXGroup;
			children = (
				A22D947129E2625000CFB516 /* FocusModeView.swift */,
				A22D947329E2625500CFB516 /* TimerView.swift */,
			);
			path = FocusMode;
			sourceTree = "<group>";
		};
		A22D946529E25F0000CFB516 /* Main Tasks */ = {
			isa = PBXGroup;
			children = (
				A22D946D29E2615C00CFB516 /* MainTaskView.swift */,
				A22D946F29E261A800CFB516 /* NewTaskView.swift */,
			);
			path = "Main Tasks";
			sourceTree = "<group>";
		};
		A22D946629E25F0900CFB516 /* Settings */ = {
			isa = PBXGroup;
			children = (
				A22D947529E262F300CFB516 /* SettingsView.swift */,
			);
			path = Settings;
			sourceTree = "<group>";
		};
		A22D946729E25F2C00CFB516 /* Models */ = {
			isa = PBXGroup;
			children = (
				A22D946829E25F4100CFB516 /* Task.swift */,
				A22D946B29E2601000CFB516 /* User.swift */,
			);
			path = Models;
			sourceTree = "<group>";
		};
/* End PBXGroup section */

/* Begin PBXNativeTarget section */
		A22D945029E25E4C00CFB516 /* Task-Management */ = {
			isa = PBXNativeTarget;
			buildConfigurationList = A22D946029E25E4C00CFB516 /* Build configuration list for PBXNativeTarget "Task-Management" */;
			buildPhases = (
				A22D944D29E25E4C00CFB516 /* Sources */,
				A22D944E29E25E4C00CFB516 /* Frameworks */,
				A22D944F29E25E4C00CFB516 /* Resources */,
			);
			buildRules = (
			);
			dependencies = (
			);
			name = "Task-Management";
			productName = "Task-Management";
			productReference = A22D945129E25E4C00CFB516 /* Task-Management.app */;
			productType = "com.apple.product-type.application";
		};
/* End PBXNativeTarget section */

/* Begin PBXProject section */
		A22D944929E25E4C00CFB516 /* Project object */ = {
			isa = PBXProject;
			attributes = {
				BuildIndependentTargetsInParallel = 1;
				LastSwiftUpdateCheck = 1410;
				LastUpgradeCheck = 1410;
				TargetAttributes = {
					A22D945029E25E4C00CFB516 = {
						CreatedOnToolsVersion = 14.1;
					};
				};
			};
			buildConfigurationList = A22D944C29E25E4C00CFB516 /* Build configuration list for PBXProject "Task-Management" */;
			compatibilityVersion = "Xcode 14.0";
			developmentRegion = en;
			hasScannedForEncodings = 0;
			knownRegions = (
				en,
				Base,
			);
			mainGroup = A22D944829E25E4C00CFB516;
			productRefGroup = A22D945229E25E4C00CFB516 /* Products */;
			projectDirPath = "";
			projectRoot = "";
			targets = (
				A22D945029E25E4C00CFB516 /* Task-Management */,
			);
		};
/* End PBXProject section */

/* Begin PBXResourcesBuildPhase section */
		A22D944F29E25E4C00CFB516 /* Resources */ = {
			isa = PBXResourcesBuildPhase;
			buildActionMask = 2147483647;
			files = (
				A22D945D29E25E4C00CFB516 /* Preview Assets.xcassets in Resources */,
				A22D945929E25E4C00CFB516 /* Assets.xcassets in Resources */,
			);
			runOnlyForDeploymentPostprocessing = 0;
		};
/* End PBXResourcesBuildPhase section */

/* Begin PBXSourcesBuildPhase section */
		A22D944D29E25E4C00CFB516 /* Sources */ = {
			isa = PBXSourcesBuildPhase;
			buildActionMask = 2147483647;
			files = (
				A22D946E29E2615C00CFB516 /* MainTaskView.swift in Sources */,
				A22D946C29E2601000CFB516 /* User.swift in Sources */,
				A22D947029E261A800CFB516 /* NewTaskView.swift in Sources */,
				A22D947629E262F300CFB516 /* SettingsView.swift in Sources */,
				A22D945729E25E4C00CFB516 /* ContentView.swift in Sources */,
				A22D946929E25F4100CFB516 /* Task.swift in Sources */,
				A22D945529E25E4C00CFB516 /* Task_ManagementApp.swift in Sources */,
				A22D947429E2625500CFB516 /* TimerView.swift in Sources */,
				A22D947229E2625000CFB516 /* FocusModeView.swift in Sources */,
			);
			runOnlyForDeploymentPostprocessing = 0;
		};
/* End PBXSourcesBuildPhase section */

/* Begin XCBuildConfiguration section */
		A22D945E29E25E4C00CFB516 /* Debug */ = {
			isa = XCBuildConfiguration;
			buildSettings = {
				ALWAYS_SEARCH_USER_PATHS = NO;
				CLANG_ANALYZER_NONNULL = YES;
				CLANG_ANALYZER_NUMBER_OBJECT_CONVERSION = YES_AGGRESSIVE;
				CLANG_CXX_LANGUAGE_STANDARD = "gnu++20";
				CLANG_ENABLE_MODULES = YES;
				CLANG_ENABLE_OBJC_ARC = YES;
				CLANG_ENABLE_OBJC_WEAK = YES;
				CLANG_WARN_BLOCK_CAPTURE_AUTORELEASING = YES;
				CLANG_WARN_BOOL_CONVERSION = YES;
				CLANG_WARN_COMMA = YES;
				CLANG_WARN_CONSTANT_CONVERSION = YES;
				CLANG_WARN_DEPRECATED_OBJC_IMPLEMENTATIONS = YES;
				CLANG_WARN_DIRECT_OBJC_ISA_USAGE = YES_ERROR;
				CLANG_WARN_DOCUMENTATION_COMMENTS = YES;
				CLANG_WARN_EMPTY_BODY = YES;
				CLANG_WARN_ENUM_CONVERSION = YES;
				CLANG_WARN_INFINITE_RECURSION = YES;
				CLANG_WARN_INT_CONVERSION = YES;
				CLANG_WARN_NON_LITERAL_NULL_CONVERSION = YES;
				CLANG_WARN_OBJC_IMPLICIT_RETAIN_SELF = YES;
				CLANG_WARN_OBJC_LITERAL_CONVERSION = YES;
				CLANG_WARN_OBJC_ROOT_CLASS = YES_ERROR;
				CLANG_WARN_QUOTED_INCLUDE_IN_FRAMEWORK_HEADER = YES;
				CLANG_WARN_RANGE_LOOP_ANALYSIS = YES;
				CLANG_WARN_STRICT_PROTOTYPES = YES;
				CLANG_WARN_SUSPICIOUS_MOVE = YES;
				CLANG_WARN_UNGUARDED_AVAILABILITY = YES_AGGRESSIVE;
				CLANG_WARN_UNREACHABLE_CODE = YES;
				CLANG_WARN__DUPLICATE_METHOD_MATCH = YES;
				COPY_PHASE_STRIP = NO;
				DEBUG_INFORMATION_FORMAT = dwarf;
				ENABLE_STRICT_OBJC_MSGSEND = YES;
				ENABLE_TESTABILITY = YES;
				GCC_C_LANGUAGE_STANDARD = gnu11;
				GCC_DYNAMIC_NO_PIC = NO;
				GCC_NO_COMMON_BLOCKS = YES;
				GCC_OPTIMIZATION_LEVEL = 0;
				GCC_PREPROCESSOR_DEFINITIONS = (
					"DEBUG=1",
					"$(inherited)",
				);
				GCC_WARN_64_TO_32_BIT_CONVERSION = YES;
				GCC_WARN_ABOUT_RETURN_TYPE = YES_ERROR;
				GCC_WARN_UNDECLARED_SELECTOR = YES;
				GCC_WARN_UNINITIALIZED_AUTOS = YES_AGGRESSIVE;
				GCC_WARN_UNUSED_FUNCTION = YES;
				GCC_WARN_UNUSED_VARIABLE = YES;
				MTL_ENABLE_DEBUG_INFO = INCLUDE_SOURCE;
				MTL_FAST_MATH = YES;
				ONLY_ACTIVE_ARCH = YES;
				SWIFT_ACTIVE_COMPILATION_CONDITIONS = DEBUG;
				SWIFT_OPTIMIZATION_LEVEL = "-Onone";
			};
			name = Debug;
		};
		A22D945F29E25E4C00CFB516 /* Release */ = {
			isa = XCBuildConfiguration;
			buildSettings = {
				ALWAYS_SEARCH_USER_PATHS = NO;
				CLANG_ANALYZER_NONNULL = YES;
				CLANG_ANALYZER_NUMBER_OBJECT_CONVERSION = YES_AGGRESSIVE;
				CLANG_CXX_LANGUAGE_STANDARD = "gnu++20";
				CLANG_ENABLE_MODULES = YES;
				CLANG_ENABLE_OBJC_ARC = YES;
				CLANG_ENABLE_OBJC_WEAK = YES;
				CLANG_WARN_BLOCK_CAPTURE_AUTORELEASING = YES;
				CLANG_WARN_BOOL_CONVERSION = YES;
				CLANG_WARN_COMMA = YES;
				CLANG_WARN_CONSTANT_CONVERSION = YES;
				CLANG_WARN_DEPRECATED_OBJC_IMPLEMENTATIONS = YES;
				CLANG_WARN_DIRECT_OBJC_ISA_USAGE = YES_ERROR;
				CLANG_WARN_DOCUMENTATION_COMMENTS = YES;
				CLANG_WARN_EMPTY_BODY = YES;
				CLANG_WARN_ENUM_CONVERSION = YES;
				CLANG_WARN_INFINITE_RECURSION = YES;
				CLANG_WARN_INT_CONVERSION = YES;
				CLANG_WARN_NON_LITERAL_NULL_CONVERSION = YES;
				CLANG_WARN_OBJC_IMPLICIT_RETAIN_SELF = YES;
				CLANG_WARN_OBJC_LITERAL_CONVERSION = YES;
				CLANG_WARN_OBJC_ROOT_CLASS = YES_ERROR;
				CLANG_WARN_QUOTED_INCLUDE_IN_FRAMEWORK_HEADER = YES;
				CLANG_WARN_RANGE_LOOP_ANALYSIS = YES;
				CLANG_WARN_STRICT_PROTOTYPES = YES;
				CLANG_WARN_SUSPICIOUS_MOVE = YES;
				CLANG_WARN_UNGUARDED_AVAILABILITY = YES_AGGRESSIVE;
				CLANG_WARN_UNREACHABLE_CODE = YES;
				CLANG_WARN__DUPLICATE_METHOD_MATCH = YES;
				COPY_PHASE_STRIP = NO;
				DEBUG_INFORMATION_FORMAT = "dwarf-with-dsym";
				ENABLE_NS_ASSERTIONS = NO;
				ENABLE_STRICT_OBJC_MSGSEND = YES;
				GCC_C_LANGUAGE_STANDARD = gnu11;
				GCC_NO_COMMON_BLOCKS = YES;
				GCC_WARN_64_TO_32_BIT_CONVERSION = YES;
				GCC_WARN_ABOUT_RETURN_TYPE = YES_ERROR;
				GCC_WARN_UNDECLARED_SELECTOR = YES;
				GCC_WARN_UNINITIALIZED_AUTOS = YES_AGGRESSIVE;
				GCC_WARN_UNUSED_FUNCTION = YES;
				GCC_WARN_UNUSED_VARIABLE = YES;
				MTL_ENABLE_DEBUG_INFO = NO;
				MTL_FAST_MATH = YES;
				SWIFT_COMPILATION_MODE = wholemodule;
				SWIFT_OPTIMIZATION_LEVEL = "-O";
			};
			name = Release;
		};
		A22D946129E25E4C00CFB516 /* Debug */ = {
			isa = XCBuildConfiguration;
			buildSettings = {
				ASSETCATALOG_COMPILER_APPICON_NAME = AppIcon;
				ASSETCATALOG_COMPILER_GLOBAL_ACCENT_COLOR_NAME = AccentColor;
				CODE_SIGN_ENTITLEMENTS = "Task-Management/Task_Management.entitlements";
				CODE_SIGN_STYLE = Automatic;
				CURRENT_PROJECT_VERSION = 1;
				DEVELOPMENT_ASSET_PATHS = "\"Task-Management/Preview Content\"";
				DEVELOPMENT_TEAM = AK2D6F4W7X;
				ENABLE_HARDENED_RUNTIME = YES;
				ENABLE_PREVIEWS = YES;
				GENERATE_INFOPLIST_FILE = YES;
				"INFOPLIST_KEY_UIApplicationSceneManifest_Generation[sdk=iphoneos*]" = YES;
				"INFOPLIST_KEY_UIApplicationSceneManifest_Generation[sdk=iphonesimulator*]" = YES;
				"INFOPLIST_KEY_UIApplicationSupportsIndirectInputEvents[sdk=iphoneos*]" = YES;
				"INFOPLIST_KEY_UIApplicationSupportsIndirectInputEvents[sdk=iphonesimulator*]" = YES;
				"INFOPLIST_KEY_UILaunchScreen_Generation[sdk=iphoneos*]" = YES;
				"INFOPLIST_KEY_UILaunchScreen_Generation[sdk=iphonesimulator*]" = YES;
				"INFOPLIST_KEY_UIStatusBarStyle[sdk=iphoneos*]" = UIStatusBarStyleDefault;
				"INFOPLIST_KEY_UIStatusBarStyle[sdk=iphonesimulator*]" = UIStatusBarStyleDefault;
				INFOPLIST_KEY_UISupportedInterfaceOrientations_iPad = "UIInterfaceOrientationPortrait UIInterfaceOrientationPortraitUpsideDown UIInterfaceOrientationLandscapeLeft UIInterfaceOrientationLandscapeRight";
				INFOPLIST_KEY_UISupportedInterfaceOrientations_iPhone = "UIInterfaceOrientationPortrait UIInterfaceOrientationLandscapeLeft UIInterfaceOrientationLandscapeRight";
				IPHONEOS_DEPLOYMENT_TARGET = 16.1;
				LD_RUNPATH_SEARCH_PATHS = "@executable_path/Frameworks";
				"LD_RUNPATH_SEARCH_PATHS[sdk=macosx*]" = "@executable_path/../Frameworks";
				MACOSX_DEPLOYMENT_TARGET = 13.0;
				MARKETING_VERSION = 1.0;
				PRODUCT_BUNDLE_IDENTIFIER = "com.nicole.Task-Management";
				PRODUCT_NAME = "$(TARGET_NAME)";
				SDKROOT = auto;
				SUPPORTED_PLATFORMS = "iphoneos iphonesimulator macosx";
				SWIFT_EMIT_LOC_STRINGS = YES;
				SWIFT_VERSION = 5.0;
				TARGETED_DEVICE_FAMILY = "1,2";
			};
			name = Debug;
		};
		A22D946229E25E4C00CFB516 /* Release */ = {
			isa = XCBuildConfiguration;
			buildSettings = {
				ASSETCATALOG_COMPILER_APPICON_NAME = AppIcon;
				ASSETCATALOG_COMPILER_GLOBAL_ACCENT_COLOR_NAME = AccentColor;
				CODE_SIGN_ENTITLEMENTS = "Task-Management/Task_Management.entitlements";
				CODE_SIGN_STYLE = Automatic;
				CURRENT_PROJECT_VERSION = 1;
				DEVELOPMENT_ASSET_PATHS = "\"Task-Management/Preview Content\"";
				DEVELOPMENT_TEAM = AK2D6F4W7X;
				ENABLE_HARDENED_RUNTIME = YES;
				ENABLE_PREVIEWS = YES;
				GENERATE_INFOPLIST_FILE = YES;
				"INFOPLIST_KEY_UIApplicationSceneManifest_Generation[sdk=iphoneos*]" = YES;
				"INFOPLIST_KEY_UIApplicationSceneManifest_Generation[sdk=iphonesimulator*]" = YES;
				"INFOPLIST_KEY_UIApplicationSupportsIndirectInputEvents[sdk=iphoneos*]" = YES;
				"INFOPLIST_KEY_UIApplicationSupportsIndirectInputEvents[sdk=iphonesimulator*]" = YES;
				"INFOPLIST_KEY_UILaunchScreen_Generation[sdk=iphoneos*]" = YES;
				"INFOPLIST_KEY_UILaunchScreen_Generation[sdk=iphonesimulator*]" = YES;
				"INFOPLIST_KEY_UIStatusBarStyle[sdk=iphoneos*]" = UIStatusBarStyleDefault;
				"INFOPLIST_KEY_UIStatusBarStyle[sdk=iphonesimulator*]" = UIStatusBarStyleDefault;
				INFOPLIST_KEY_UISupportedInterfaceOrientations_iPad = "UIInterfaceOrientationPortrait UIInterfaceOrientationPortraitUpsideDown UIInterfaceOrientationLandscapeLeft UIInterfaceOrientationLandscapeRight";
				INFOPLIST_KEY_UISupportedInterfaceOrientations_iPhone = "UIInterfaceOrientationPortrait UIInterfaceOrientationLandscapeLeft UIInterfaceOrientationLandscapeRight";
				IPHONEOS_DEPLOYMENT_TARGET = 16.1;
				LD_RUNPATH_SEARCH_PATHS = "@executable_path/Frameworks";
				"LD_RUNPATH_SEARCH_PATHS[sdk=macosx*]" = "@executable_path/../Frameworks";
				MACOSX_DEPLOYMENT_TARGET = 13.0;
				MARKETING_VERSION = 1.0;
				PRODUCT_BUNDLE_IDENTIFIER = "com.nicole.Task-Management";
				PRODUCT_NAME = "$(TARGET_NAME)";
				SDKROOT = auto;
				SUPPORTED_PLATFORMS = "iphoneos iphonesimulator macosx";
				SWIFT_EMIT_LOC_STRINGS = YES;
				SWIFT_VERSION = 5.0;
				TARGETED_DEVICE_FAMILY = "1,2";
			};
			name = Release;
		};
/* End XCBuildConfiguration section */

/* Begin XCConfigurationList section */
		A22D944C29E25E4C00CFB516 /* Build configuration list for PBXProject "Task-Management" */ = {
			isa = XCConfigurationList;
			buildConfigurations = (
				A22D945E29E25E4C00CFB516 /* Debug */,
				A22D945F29E25E4C00CFB516 /* Release */,
			);
			defaultConfigurationIsVisible = 0;
			defaultConfigurationName = Release;
		};
		A22D946029E25E4C00CFB516 /* Build configuration list for PBXNativeTarget "Task-Management" */ = {
			isa = XCConfigurationList;
			buildConfigurations = (
				A22D946129E25E4C00CFB516 /* Debug */,
				A22D946229E25E4C00CFB516 /* Release */,
			);
			defaultConfigurationIsVisible = 0;
			defaultConfigurationName = Release;
		};
/* End XCConfigurationList section */
	};
	rootObject = A22D944929E25E4C00CFB516 /* Project object */;
}
